{
  "name": "praetor",
  "version": "0.0.1",
  "dependencies": {
    "eventemitter2": {
      "version": "0.4.14",
      "from": "eventemitter2@",
      "resolved": "https://registry.npmjs.org/eventemitter2/-/eventemitter2-0.4.14.tgz"
    },
    "legiond": {
      "version": "0.0.1",
      "from": "legiond@0.0.1",
      "resolved": "https://registry.npmjs.org/legiond/-/legiond-0.0.1.tgz",
      "dependencies": {
        "async": {
          "version": "0.9.0",
          "from": "https://registry.npmjs.org/async/-/async-0.9.0.tgz",
          "resolved": "https://registry.npmjs.org/async/-/async-0.9.0.tgz"
        },
        "eventemitter2": {
          "version": "0.4.13",
          "from": "https://registry.npmjs.org/eventemitter2/-/eventemitter2-0.4.13.tgz",
          "resolved": "https://registry.npmjs.org/eventemitter2/-/eventemitter2-0.4.13.tgz"
        },
        "netmask": {
          "version": "1.0.5",
          "from": "https://registry.npmjs.org/netmask/-/netmask-1.0.5.tgz",
          "resolved": "https://registry.npmjs.org/netmask/-/netmask-1.0.5.tgz"
        },
        "network": {
          "version": "0.1.3",
          "from": "https://registry.npmjs.org/network/-/network-0.1.3.tgz",
          "resolved": "https://registry.npmjs.org/network/-/network-0.1.3.tgz",
          "dependencies": {
            "needle": {
              "version": "0.7.10",
              "from": "https://registry.npmjs.org/needle/-/needle-0.7.10.tgz",
              "resolved": "https://registry.npmjs.org/needle/-/needle-0.7.10.tgz",
              "dependencies": {
                "iconv-lite": {
                  "version": "0.4.5",
                  "from": "https://registry.npmjs.org/iconv-lite/-/iconv-lite-0.4.5.tgz",
                  "resolved": "https://registry.npmjs.org/iconv-lite/-/iconv-lite-0.4.5.tgz"
                }
              }
            },
            "wmic": {
              "version": "0.0.7",
              "from": "https://registry.npmjs.org/wmic/-/wmic-0.0.7.tgz",
              "resolved": "https://registry.npmjs.org/wmic/-/wmic-0.0.7.tgz"
            }
          }
        },
        "node-aes-gcm": {
          "version": "0.1.3",
          "from": "https://registry.npmjs.org/node-aes-gcm/-/node-aes-gcm-0.1.3.tgz",
          "resolved": "https://registry.npmjs.org/node-aes-gcm/-/node-aes-gcm-0.1.3.tgz"
        },
        "ip": {
          "version": "0.3.0",
          "from": "https://registry.npmjs.org/ip/-/ip-0.3.0.tgz",
          "resolved": "https://registry.npmjs.org/ip/-/ip-0.3.0.tgz"
        },
        "memory-cache": {
          "version": "0.0.5",
          "from": "https://registry.npmjs.org/memory-cache/-/memory-cache-0.0.5.tgz",
          "resolved": "https://registry.npmjs.org/memory-cache/-/memory-cache-0.0.5.tgz"
        },
        "node-cache": {
          "version": "1.0.0",
          "from": "https://registry.npmjs.org/node-cache/-/node-cache-1.0.0.tgz",
          "resolved": "https://registry.npmjs.org/node-cache/-/node-cache-1.0.0.tgz",
          "dependencies": {
            "underscore": {
              "version": "1.6.0",
              "from": "https://registry.npmjs.org/underscore/-/underscore-1.6.0.tgz",
              "resolved": "https://registry.npmjs.org/underscore/-/underscore-1.6.0.tgz"
            }
          }
        },
        "getmac": {
          "version": "1.0.6",
          "from": "https://registry.npmjs.org/getmac/-/getmac-1.0.6.tgz",
          "resolved": "https://registry.npmjs.org/getmac/-/getmac-1.0.6.tgz",
          "dependencies": {
            "extract-opts": {
              "version": "2.2.0",
              "from": "https://registry.npmjs.org/extract-opts/-/extract-opts-2.2.0.tgz",
              "resolved": "https://registry.npmjs.org/extract-opts/-/extract-opts-2.2.0.tgz",
              "dependencies": {
                "typechecker": {
                  "version": "2.0.8",
                  "from": "https://registry.npmjs.org/typechecker/-/typechecker-2.0.8.tgz",
                  "resolved": "https://registry.npmjs.org/typechecker/-/typechecker-2.0.8.tgz"
                }
              }
            }
          }
        }
      }
    },
    "lodash": {
      "version": "2.4.1",
      "from": "lodash@",
      "resolved": "https://registry.npmjs.org/lodash/-/lodash-2.4.1.tgz"
    }
  }
}
